
Microsoft Visual Studio Solution File, Format Version 12.00
# Visual Studio Version 17
VisualStudioVersion = 17.3.32819.101
MinimumVisualStudioVersion = 10.0.40219.1
Project("{FAE04EC0-301F-11D3-BF4B-00C04F79EFBC}") = "ToDoList", "ToDoList\ToDoList.csproj", "{C108FFB1-4567-424C-9733-45E740C7C98D}"
EndProject
Global
	GlobalSection(SolutionConfigurationPlatforms) = preSolution
		Debug|Any CPU = Debug|Any CPU
		Release|Any CPU = Release|Any CPU
	EndGlobalSection
	GlobalSection(ProjectConfigurationPlatforms) = postSolution
		{C108FFB1-4567-424C-9733-45E740C7C98D}.Debug|Any CPU.ActiveCfg = Debug|Any CPU
		{C108FFB1-4567-424C-9733-45E740C7C98D}.Debug|Any CPU.Build.0 = Debug|Any CPU
		{C108FFB1-4567-424C-9733-45E740C7C98D}.Release|Any CPU.ActiveCfg = Release|Any CPU
		{C108FFB1-4567-424C-9733-45E740C7C98D}.Release|Any CPU.Build.0 = Release|Any CPU
	EndGlobalSection
	GlobalSection(SolutionProperties) = preSolution
		HideSolutionNode = FALSE
	EndGlobalSection
	GlobalSection(ExtensibilityGlobals) = postSolution
		SolutionGuid = {B7E6721F-D5DC-4280-B371-42ADEF90462C}
	EndGlobalSection
EndGlobal
